
Microsoft Visual Studio Solution File, Format Version 12.00
# Visual Studio 15
VisualStudioVersion = 15.0.28307.136
MinimumVisualStudioVersion = 10.0.40219.1
Project("{FAE04EC0-301F-11D3-BF4B-00C04F79EFBC}") = "SNB.Entities", "SNB.Entities\SNB.Entities.csproj", "{4859546B-91D1-4CC9-B752-05A39496DB4F}"
EndProject
Project("{FAE04EC0-301F-11D3-BF4B-00C04F79EFBC}") = "SNB.Services", "SNB.Services\SNB.Services.csproj", "{066098B4-ACB7-4309-8F5E-6F64E200411C}"
EndProject
Project("{FAE04EC0-301F-11D3-BF4B-00C04F79EFBC}") = "SNB.Common", "SNB.Common\SNB.Common.csproj", "{68CFD5A7-A15B-4A9B-A11C-AAF40C589E87}"
EndProject
Project("{FAE04EC0-301F-11D3-BF4B-00C04F79EFBC}") = "SNB.Repository", "SNB.Repository\SNB.Repository.csproj", "{AC85491A-961E-447E-B1BF-B296B628A8D3}"
EndProject
Project("{FAE04EC0-301F-11D3-BF4B-00C04F79EFBC}") = "SNB.Web", "SNB.Web\SNB.Web.csproj", "{465B275B-41E3-4769-87AF-F69A92E7A9C9}"
EndProject
Global
	GlobalSection(SolutionConfigurationPlatforms) = preSolution
		Debug|Any CPU = Debug|Any CPU
		Release|Any CPU = Release|Any CPU
	EndGlobalSection
	GlobalSection(ProjectConfigurationPlatforms) = postSolution
		{4859546B-91D1-4CC9-B752-05A39496DB4F}.Debug|Any CPU.ActiveCfg = Debug|Any CPU
		{4859546B-91D1-4CC9-B752-05A39496DB4F}.Debug|Any CPU.Build.0 = Debug|Any CPU
		{4859546B-91D1-4CC9-B752-05A39496DB4F}.Release|Any CPU.ActiveCfg = Release|Any CPU
		{4859546B-91D1-4CC9-B752-05A39496DB4F}.Release|Any CPU.Build.0 = Release|Any CPU
		{066098B4-ACB7-4309-8F5E-6F64E200411C}.Debug|Any CPU.ActiveCfg = Debug|Any CPU
		{066098B4-ACB7-4309-8F5E-6F64E200411C}.Debug|Any CPU.Build.0 = Debug|Any CPU
		{066098B4-ACB7-4309-8F5E-6F64E200411C}.Release|Any CPU.ActiveCfg = Release|Any CPU
		{066098B4-ACB7-4309-8F5E-6F64E200411C}.Release|Any CPU.Build.0 = Release|Any CPU
		{68CFD5A7-A15B-4A9B-A11C-AAF40C589E87}.Debug|Any CPU.ActiveCfg = Debug|Any CPU
		{68CFD5A7-A15B-4A9B-A11C-AAF40C589E87}.Debug|Any CPU.Build.0 = Debug|Any CPU
		{68CFD5A7-A15B-4A9B-A11C-AAF40C589E87}.Release|Any CPU.ActiveCfg = Release|Any CPU
		{68CFD5A7-A15B-4A9B-A11C-AAF40C589E87}.Release|Any CPU.Build.0 = Release|Any CPU
		{AC85491A-961E-447E-B1BF-B296B628A8D3}.Debug|Any CPU.ActiveCfg = Debug|Any CPU
		{AC85491A-961E-447E-B1BF-B296B628A8D3}.Debug|Any CPU.Build.0 = Debug|Any CPU
		{AC85491A-961E-447E-B1BF-B296B628A8D3}.Release|Any CPU.ActiveCfg = Release|Any CPU
		{AC85491A-961E-447E-B1BF-B296B628A8D3}.Release|Any CPU.Build.0 = Release|Any CPU
		{465B275B-41E3-4769-87AF-F69A92E7A9C9}.Debug|Any CPU.ActiveCfg = Debug|Any CPU
		{465B275B-41E3-4769-87AF-F69A92E7A9C9}.Debug|Any CPU.Build.0 = Debug|Any CPU
		{465B275B-41E3-4769-87AF-F69A92E7A9C9}.Release|Any CPU.ActiveCfg = Release|Any CPU
		{465B275B-41E3-4769-87AF-F69A92E7A9C9}.Release|Any CPU.Build.0 = Release|Any CPU
	EndGlobalSection
	GlobalSection(SolutionProperties) = preSolution
		HideSolutionNode = FALSE
	EndGlobalSection
	GlobalSection(ExtensibilityGlobals) = postSolution
		SolutionGuid = {7A1AFBCD-6926-4AA4-B82C-DB9798281011}
	EndGlobalSection
EndGlobal
